
Microsoft Visual Studio Solution File, Format Version 12.00
# Visual Studio Version 16
VisualStudioVersion = 16.0.30717.126
MinimumVisualStudioVersion = 10.0.40219.1
Project("{E24C65DC-7377-472B-9ABA-BC803B73C61A}") = "HW 2 Buttons", "http://localhost:56199", "{6388C703-FD07-47B1-94A2-FDEB80F56DB4}"
	ProjectSection(WebsiteProperties) = preProject
		UseIISExpress = "true"
		TargetFrameworkMoniker = ".NETFramework,Version%3Dv4.0"
		Debug.AspNetCompiler.VirtualPath = "/localhost_56199"
		Debug.AspNetCompiler.PhysicalPath = "..\..\..\OneDrive\Documents\My Web Sites\HW 2 Buttons\"
		Debug.AspNetCompiler.TargetPath = "PrecompiledWeb\localhost_56199\"
		Debug.AspNetCompiler.Updateable = "true"
		Debug.AspNetCompiler.ForceOverwrite = "true"
		Debug.AspNetCompiler.FixedNames = "false"
		Debug.AspNetCompiler.Debug = "True"
		Release.AspNetCompiler.VirtualPath = "/localhost_56199"
		Release.AspNetCompiler.PhysicalPath = "..\..\..\OneDrive\Documents\My Web Sites\HW 2 Buttons\"
		Release.AspNetCompiler.TargetPath = "PrecompiledWeb\localhost_56199\"
		Release.AspNetCompiler.Updateable = "true"
		Release.AspNetCompiler.ForceOverwrite = "true"
		Release.AspNetCompiler.FixedNames = "false"
		Release.AspNetCompiler.Debug = "False"
		SlnRelativePath = "..\..\..\OneDrive\Documents\My Web Sites\HW 2 Buttons\"
	EndProjectSection
EndProject
Global
	GlobalSection(SolutionConfigurationPlatforms) = preSolution
		Debug|Any CPU = Debug|Any CPU
	EndGlobalSection
	GlobalSection(ProjectConfigurationPlatforms) = postSolution
		{6388C703-FD07-47B1-94A2-FDEB80F56DB4}.Debug|Any CPU.ActiveCfg = Debug|Any CPU
		{6388C703-FD07-47B1-94A2-FDEB80F56DB4}.Debug|Any CPU.Build.0 = Debug|Any CPU
	EndGlobalSection
	GlobalSection(SolutionProperties) = preSolution
		HideSolutionNode = FALSE
	EndGlobalSection
	GlobalSection(ExtensibilityGlobals) = postSolution
		SolutionGuid = {C291CA5E-6DEC-4F3B-92B7-61C4118E3BCF}
	EndGlobalSection
EndGlobal
